
Microsoft Visual Studio Solution File, Format Version 12.00
# Visual Studio 14
VisualStudioVersion = 14.0.24720.0
MinimumVisualStudioVersion = 10.0.40219.1
Project("{FAE04EC0-301F-11D3-BF4B-00C04F79EFBC}") = "ButtonBash", "ButtonBash\ButtonBash\ButtonBash.csproj", "{29711C0B-D370-4B39-A3AB-39BFE786AEA0}"
EndProject
Project("{96E2B04D-8817-42C6-938A-82C39BA4D311}") = "ButtonBashContent", "ButtonBash\ButtonBashContent\ButtonBashContent.contentproj", "{D033E3EC-F813-4906-AA97-E5E5AA788119}"
EndProject
Global
	GlobalSection(SolutionConfigurationPlatforms) = preSolution
		Debug|x86 = Debug|x86
		Release|x86 = Release|x86
	EndGlobalSection
	GlobalSection(ProjectConfigurationPlatforms) = postSolution
		{29711C0B-D370-4B39-A3AB-39BFE786AEA0}.Debug|x86.ActiveCfg = Debug|x86
		{29711C0B-D370-4B39-A3AB-39BFE786AEA0}.Debug|x86.Build.0 = Debug|x86
		{29711C0B-D370-4B39-A3AB-39BFE786AEA0}.Release|x86.ActiveCfg = Release|x86
		{29711C0B-D370-4B39-A3AB-39BFE786AEA0}.Release|x86.Build.0 = Release|x86
		{D033E3EC-F813-4906-AA97-E5E5AA788119}.Debug|x86.ActiveCfg = Debug|x86
		{D033E3EC-F813-4906-AA97-E5E5AA788119}.Release|x86.ActiveCfg = Release|x86
	EndGlobalSection
	GlobalSection(SolutionProperties) = preSolution
		HideSolutionNode = FALSE
	EndGlobalSection
EndGlobal
